
Microsoft Visual Studio Solution File, Format Version 12.00
# Visual Studio Version 17
VisualStudioVersion = 17.14.36518.9 d17.14
MinimumVisualStudioVersion = 10.0.40219.1
Project("{FAE04EC0-301F-11D3-BF4B-00C04F79EFBC}") = "QuanlyNguoiDung", "QuanlyNguoiDung\QuanlyNguoiDung.csproj", "{2CB8C3AD-E361-4035-AE27-460A5611BDBB}"
EndProject
Global
	GlobalSection(SolutionConfigurationPlatforms) = preSolution
		Debug|Any CPU = Debug|Any CPU
		Release|Any CPU = Release|Any CPU
	EndGlobalSection
	GlobalSection(ProjectConfigurationPlatforms) = postSolution
		{2CB8C3AD-E361-4035-AE27-460A5611BDBB}.Debug|Any CPU.ActiveCfg = Debug|Any CPU
		{2CB8C3AD-E361-4035-AE27-460A5611BDBB}.Debug|Any CPU.Build.0 = Debug|Any CPU
		{2CB8C3AD-E361-4035-AE27-460A5611BDBB}.Release|Any CPU.ActiveCfg = Release|Any CPU
		{2CB8C3AD-E361-4035-AE27-460A5611BDBB}.Release|Any CPU.Build.0 = Release|Any CPU
	EndGlobalSection
	GlobalSection(SolutionProperties) = preSolution
		HideSolutionNode = FALSE
	EndGlobalSection
	GlobalSection(ExtensibilityGlobals) = postSolution
		SolutionGuid = {8333E4F1-8FC3-4A31-AB8D-0B68633AA14E}
	EndGlobalSection
EndGlobal
